dependencies:
- name: rabbitmq
  repository: https://charts.bitnami.com/bitnami
  version: 16.0.11
- name: redis
  repository: https://charts.bitnami.com/bitnami
  version: 21.2.13
digest: sha256:234a54f6ed64b7bda0caa8dbfcef1a15e9a1552efd68433c6637861629ff013e
generated: "2025-07-23T15:55:29.284664-05:00"
