dependencies:
- name: rabbitmq
  repository: https://charts.bitnami.com/bitnami
  version: 12.0.0
- name: redis
  repository: https://charts.bitnami.com/bitnami
  version: 17.11.3
digest: sha256:e1191b7ef66b8d5ac98225e061fb05719be4da24cce202248b9178b7755afc58
generated: "2025-06-04T08:38:19.57778-05:00"
