dependencies:
- name: configurator
  repository: file://charts/configurator
  version: 1.0.0
- name: supabase
  repository: file://charts/supabase
  version: 0.1.3
- name: walrus
  repository: file://charts/walrus
  version: 1.0.0
digest: sha256:4cf711de409c7e1ba53a7ab502b3a75d42900a74c2bffeea1af9371a7e390c3b
generated: "2025-05-27T12:17:33.807986-05:00"
