dependencies:
- name: core
  repository: file://../cuemby-platform-core/core
  version: 0.1.3
- name: walrus
  repository: file://../cuemby-platform-core/walrus
  version: 1.0.0
- name: configurator
  repository: file://../cuemby-platform-core/configurator
  version: 1.0.0
- name: platform
  repository: file://../cuemby-platform-core/platform
  version: 1.0.0
- name: dashboard
  repository: file://../cuemby-platform-core/dashboard
  version: 1.0.0
- name: monitoring
  repository: file://../cuemby-platform-core/monitoring
  version: 2.0.0
- name: harbor
  repository: https://helm.goharbor.io
  version: 1.14.0
- name: dkron
  repository: https://raw.githubusercontent.com/distribworks/dkron-helm/master
  version: 2.0.3
- name: api-gateway
  repository: file://../cuemby-platform-core/api-gateway
  version: 1.0.0
digest: sha256:76b266666e1369c35545b5803305653377333ce605e4080804fedae07f3dd3ba
generated: "2025-07-24T22:48:51.269793-05:00"
