dependencies:
- name: core
  repository: file://../cuemby-platform-core/core
  version: 0.1.3
- name: walrus
  repository: file://../cuemby-platform-core/walrus
  version: 1.0.0
- name: configurator
  repository: file://../cuemby-platform-core/configurator
  version: 1.0.0
- name: platform
  repository: file://../cuemby-platform-core/platform
  version: 1.0.0
- name: dashboard
  repository: file://../cuemby-platform-core/dashboard
  version: 1.0.0
- name: harbor
  repository: https://helm.goharbor.io
  version: 1.14.0
digest: sha256:9b0bc9c44581963f55608e2945ce5e7c4711df664d60dff2c2a97cfcffa7070e
generated: "2025-06-19T16:07:35.800481-05:00"
