dependencies:
- name: keda
  repository: https://kedacore.github.io/charts
  version: 2.14.2
- name: reloader
  repository: https://stakater.github.io/stakater-charts
  version: 1.0.104
digest: sha256:afeafd7b58916174df54784660a403173ed0fd41f4c89f8c54d7ec3fb47366c2
generated: "2025-07-09T18:21:01.259897-05:00"
